
Microsoft Visual Studio Solution File, Format Version 12.00
# Visual Studio Version 16
VisualStudioVersion = 16.0.810.17
MinimumVisualStudioVersion = 10.0.40219.1
Project("{FAE04EC0-301F-11D3-BF4B-00C04F79EFBC}") = "Rocky", "Rocky\Rocky.csproj", "{441A23FE-B78C-4574-822C-CFAF9F030D0E}"
EndProject
Global
	GlobalSection(SolutionConfigurationPlatforms) = preSolution
		Debug|Any CPU = Debug|Any CPU
		Release|Any CPU = Release|Any CPU
	EndGlobalSection
	GlobalSection(ProjectConfigurationPlatforms) = postSolution
		{441A23FE-B78C-4574-822C-CFAF9F030D0E}.Debug|Any CPU.ActiveCfg = Debug|Any CPU
		{441A23FE-B78C-4574-822C-CFAF9F030D0E}.Debug|Any CPU.Build.0 = Debug|Any CPU
		{441A23FE-B78C-4574-822C-CFAF9F030D0E}.Release|Any CPU.ActiveCfg = Release|Any CPU
		{441A23FE-B78C-4574-822C-CFAF9F030D0E}.Release|Any CPU.Build.0 = Release|Any CPU
	EndGlobalSection
	GlobalSection(SolutionProperties) = preSolution
		HideSolutionNode = FALSE
	EndGlobalSection
	GlobalSection(ExtensibilityGlobals) = postSolution
		SolutionGuid = {4106BF3C-9193-4BB8-91E1-144C10FB2833}
	EndGlobalSection
EndGlobal
